{
  "name": "gene-rator",
  "version": "0.0.1-pre",
  "lockfileVersion": 1,
  "dependencies": {
    "recursive-keys": {
      "version": "0.9.0",
      "resolved": "https://registry.npmjs.org/recursive-keys/-/recursive-keys-0.9.0.tgz",
      "integrity": "sha1-HclJF9rdlq75R7ECoIxBd8a5yT8="
    }
  }
}
